
Microsoft Visual Studio Solution File, Format Version 12.00
# Visual Studio Version 17
VisualStudioVersion = 17.12.35527.113 d17.12
MinimumVisualStudioVersion = 10.0.40219.1
Project("{888888A0-9F3D-457C-B088-3A5042F75D52}") = "IsItPrime(FunctionVersion_PartA)", "IsItPrime(FunctionVersion_PartA)\IsItPrime(FunctionVersion_PartA).pyproj", "{ECD330B9-5903-4A53-9CD8-91960F9C0A62}"
EndProject
Global
	GlobalSection(SolutionConfigurationPlatforms) = preSolution
		Debug|Any CPU = Debug|Any CPU
		Release|Any CPU = Release|Any CPU
	EndGlobalSection
	GlobalSection(ProjectConfigurationPlatforms) = postSolution
		{ECD330B9-5903-4A53-9CD8-91960F9C0A62}.Debug|Any CPU.ActiveCfg = Debug|Any CPU
		{ECD330B9-5903-4A53-9CD8-91960F9C0A62}.Release|Any CPU.ActiveCfg = Release|Any CPU
	EndGlobalSection
	GlobalSection(SolutionProperties) = preSolution
		HideSolutionNode = FALSE
	EndGlobalSection
EndGlobal
